// !$*UTF8*$!
{
	archiveVersion = 1;
	classes = {
	};
	objectVersion = 56;
	objects = {

/* Begin PBXBuildFile section */
		4D50D4B52A6EBCF30039ADD4 /* RoShamBoTrainerApp.swift in Sources */ = {isa = PBXBuildFile; fileRef = 4D50D4B42A6EBCF30039ADD4 /* RoShamBoTrainerApp.swift */; };
		4D50D4B72A6EBCF30039ADD4 /* ContentView.swift in Sources */ = {isa = PBXBuildFile; fileRef = 4D50D4B62A6EBCF30039ADD4 /* ContentView.swift */; };
		4D50D4B92A6EBCF40039ADD4 /* Assets.xcassets in Resources */ = {isa = PBXBuildFile; fileRef = 4D50D4B82A6EBCF40039ADD4 /* Assets.xcassets */; };
		4D50D4BD2A6EBCF40039ADD4 /* Preview Assets.xcassets in Resources */ = {isa = PBXBuildFile; fileRef = 4D50D4BC2A6EBCF40039ADD4 /* Preview Assets.xcassets */; };
		4D50D4C72A6EBCF40039ADD4 /* RoShamBoTrainerTests.swift in Sources */ = {isa = PBXBuildFile; fileRef = 4D50D4C62A6EBCF40039ADD4 /* RoShamBoTrainerTests.swift */; };
		4D50D4D12A6EBCF40039ADD4 /* RoShamBoTrainerUITests.swift in Sources */ = {isa = PBXBuildFile; fileRef = 4D50D4D02A6EBCF40039ADD4 /* RoShamBoTrainerUITests.swift */; };
		4D50D4D32A6EBCF40039ADD4 /* RoShamBoTrainerUITestsLaunchTests.swift in Sources */ = {isa = PBXBuildFile; fileRef = 4D50D4D22A6EBCF40039ADD4 /* RoShamBoTrainerUITestsLaunchTests.swift */; };
/* End PBXBuildFile section */

/* Begin PBXContainerItemProxy section */
		4D50D4C32A6EBCF40039ADD4 /* PBXContainerItemProxy */ = {
			isa = PBXContainerItemProxy;
			containerPortal = 4D50D4A92A6EBCF30039ADD4 /* Project object */;
			proxyType = 1;
			remoteGlobalIDString = 4D50D4B02A6EBCF30039ADD4;
			remoteInfo = RoShamBoTrainer;
		};
		4D50D4CD2A6EBCF40039ADD4 /* PBXContainerItemProxy */ = {
			isa = PBXContainerItemProxy;
			containerPortal = 4D50D4A92A6EBCF30039ADD4 /* Project object */;
			proxyType = 1;
			remoteGlobalIDString = 4D50D4B02A6EBCF30039ADD4;
			remoteInfo = RoShamBoTrainer;
		};
/* End PBXContainerItemProxy section */

/* Begin PBXFileReference section */
		4D50D4B12A6EBCF30039ADD4 /* RoShamBoTrainer.app */ = {isa = PBXFileReference; explicitFileType = wrapper.application; includeInIndex = 0; path = RoShamBoTrainer.app; sourceTree = BUILT_PRODUCTS_DIR; };
		4D50D4B42A6EBCF30039ADD4 /* RoShamBoTrainerApp.swift */ = {isa = PBXFileReference; lastKnownFileType = sourcecode.swift; path = RoShamBoTrainerApp.swift; sourceTree = "<group>"; };
		4D50D4B62A6EBCF30039ADD4 /* ContentView.swift */ = {isa = PBXFileReference; lastKnownFileType = sourcecode.swift; path = ContentView.swift; sourceTree = "<group>"; };
		4D50D4B82A6EBCF40039ADD4 /* Assets.xcassets */ = {isa = PBXFileReference; lastKnownFileType = folder.assetcatalog; path = Assets.xcassets; sourceTree = "<group>"; };
		4D50D4BA2A6EBCF40039ADD4 /* RoShamBoTrainer.entitlements */ = {isa = PBXFileReference; lastKnownFileType = text.plist.entitlements; path = RoShamBoTrainer.entitlements; sourceTree = "<group>"; };
		4D50D4BC2A6EBCF40039ADD4 /* Preview Assets.xcassets */ = {isa = PBXFileReference; lastKnownFileType = folder.assetcatalog; path = "Preview Assets.xcassets"; sourceTree = "<group>"; };
		4D50D4C22A6EBCF40039ADD4 /* RoShamBoTrainerTests.xctest */ = {isa = PBXFileReference; explicitFileType = wrapper.cfbundle; includeInIndex = 0; path = RoShamBoTrainerTests.xctest; sourceTree = BUILT_PRODUCTS_DIR; };
		4D50D4C62A6EBCF40039ADD4 /* RoShamBoTrainerTests.swift */ = {isa = PBXFileReference; lastKnownFileType = sourcecode.swift; path = RoShamBoTrainerTests.swift; sourceTree = "<group>"; };
		4D50D4CC2A6EBCF40039ADD4 /* RoShamBoTrainerUITests.xctest */ = {isa = PBXFileReference; explicitFileType = wrapper.cfbundle; includeInIndex = 0; path = RoShamBoTrainerUITests.xctest; sourceTree = BUILT_PRODUCTS_DIR; };
		4D50D4D02A6EBCF40039ADD4 /* RoShamBoTrainerUITests.swift */ = {isa = PBXFileReference; lastKnownFileType = sourcecode.swift; path = RoShamBoTrainerUITests.swift; sourceTree = "<group>"; };
		4D50D4D22A6EBCF40039ADD4 /* RoShamBoTrainerUITestsLaunchTests.swift */ = {isa = PBXFileReference; lastKnownFileType = sourcecode.swift; path = RoShamBoTrainerUITestsLaunchTests.swift; sourceTree = "<group>"; };
/* End PBXFileReference section */

/* Begin PBXFrameworksBuildPhase section */
		4D50D4AE2A6EBCF30039ADD4 /* Frameworks */ = {
			isa = PBXFrameworksBuildPhase;
			buildActionMask = 2147483647;
			files = (
			);
			runOnlyForDeploymentPostprocessing = 0;
		};
		4D50D4BF2A6EBCF40039ADD4 /* Frameworks */ = {
			isa = PBXFrameworksBuildPhase;
			buildActionMask = 2147483647;
			files = (
			);
			runOnlyForDeploymentPostprocessing = 0;
		};
		4D50D4C92A6EBCF40039ADD4 /* Frameworks */ = {
			isa = PBXFrameworksBuildPhase;
			buildActionMask = 2147483647;
			files = (
			);
			runOnlyForDeploymentPostprocessing = 0;
		};
/* End PBXFrameworksBuildPhase section */

/* Begin PBXGroup section */
		4D50D4A82A6EBCF30039ADD4 = {
			isa = PBXGroup;
			children = (
				4D50D4B32A6EBCF30039ADD4 /* RoShamBoTrainer */,
				4D50D4C52A6EBCF40039ADD4 /* RoShamBoTrainerTests */,
				4D50D4CF2A6EBCF40039ADD4 /* RoShamBoTrainerUITests */,
				4D50D4B22A6EBCF30039ADD4 /* Products */,
			);
			sourceTree = "<group>";
		};
		4D50D4B22A6EBCF30039ADD4 /* Products */ = {
			isa = PBXGroup;
			children = (
				4D50D4B12A6EBCF30039ADD4 /* RoShamBoTrainer.app */,
				4D50D4C22A6EBCF40039ADD4 /* RoShamBoTrainerTests.xctest */,
				4D50D4CC2A6EBCF40039ADD4 /* RoShamBoTrainerUITests.xctest */,
			);
			name = Products;
			sourceTree = "<group>";
		};
		4D50D4B32A6EBCF30039ADD4 /* RoShamBoTrainer */ = {
			isa = PBXGroup;
			children = (
				4D50D4B42A6EBCF30039ADD4 /* RoShamBoTrainerApp.swift */,
				4D50D4B62A6EBCF30039ADD4 /* ContentView.swift */,
				4D50D4B82A6EBCF40039ADD4 /* Assets.xcassets */,
				4D50D4BA2A6EBCF40039ADD4 /* RoShamBoTrainer.entitlements */,
				4D50D4BB2A6EBCF40039ADD4 /* Preview Content */,
			);
			path = RoShamBoTrainer;
			sourceTree = "<group>";
		};
		4D50D4BB2A6EBCF40039ADD4 /* Preview Content */ = {
			isa = PBXGroup;
			children = (
				4D50D4BC2A6EBCF40039ADD4 /* Preview Assets.xcassets */,
			);
			path = "Preview Content";
			sourceTree = "<group>";
		};
		4D50D4C52A6EBCF40039ADD4 /* RoShamBoTrainerTests */ = {
			isa = PBXGroup;
			children = (
				4D50D4C62A6EBCF40039ADD4 /* RoShamBoTrainerTests.swift */,
			);
			path = RoShamBoTrainerTests;
			sourceTree = "<group>";
		};
		4D50D4CF2A6EBCF40039ADD4 /* RoShamBoTrainerUITests */ = {
			isa = PBXGroup;
			children = (
				4D50D4D02A6EBCF40039ADD4 /* RoShamBoTrainerUITests.swift */,
				4D50D4D22A6EBCF40039ADD4 /* RoShamBoTrainerUITestsLaunchTests.swift */,
			);
			path = RoShamBoTrainerUITests;
			sourceTree = "<group>";
		};
/* End PBXGroup section */

/* Begin PBXNativeTarget section */
		4D50D4B02A6EBCF30039ADD4 /* RoShamBoTrainer */ = {
			isa = PBXNativeTarget;
			buildConfigurationList = 4D50D4D62A6EBCF40039ADD4 /* Build configuration list for PBXNativeTarget "RoShamBoTrainer" */;
			buildPhases = (
				4D50D4AD2A6EBCF30039ADD4 /* Sources */,
				4D50D4AE2A6EBCF30039ADD4 /* Frameworks */,
				4D50D4AF2A6EBCF30039ADD4 /* Resources */,
			);
			buildRules = (
			);
			dependencies = (
			);
			name = RoShamBoTrainer;
			productName = RoShamBoTrainer;
			productReference = 4D50D4B12A6EBCF30039ADD4 /* RoShamBoTrainer.app */;
			productType = "com.apple.product-type.application";
		};
		4D50D4C12A6EBCF40039ADD4 /* RoShamBoTrainerTests */ = {
			isa = PBXNativeTarget;
			buildConfigurationList = 4D50D4D92A6EBCF40039ADD4 /* Build configuration list for PBXNativeTarget "RoShamBoTrainerTests" */;
			buildPhases = (
				4D50D4BE2A6EBCF40039ADD4 /* Sources */,
				4D50D4BF2A6EBCF40039ADD4 /* Frameworks */,
				4D50D4C02A6EBCF40039ADD4 /* Resources */,
			);
			buildRules = (
			);
			dependencies = (
				4D50D4C42A6EBCF40039ADD4 /* PBXTargetDependency */,
			);
			name = RoShamBoTrainerTests;
			productName = RoShamBoTrainerTests;
			productReference = 4D50D4C22A6EBCF40039ADD4 /* RoShamBoTrainerTests.xctest */;
			productType = "com.apple.product-type.bundle.unit-test";
		};
		4D50D4CB2A6EBCF40039ADD4 /* RoShamBoTrainerUITests */ = {
			isa = PBXNativeTarget;
			buildConfigurationList = 4D50D4DC2A6EBCF40039ADD4 /* Build configuration list for PBXNativeTarget "RoShamBoTrainerUITests" */;
			buildPhases = (
				4D50D4C82A6EBCF40039ADD4 /* Sources */,
				4D50D4C92A6EBCF40039ADD4 /* Frameworks */,
				4D50D4CA2A6EBCF40039ADD4 /* Resources */,
			);
			buildRules = (
			);
			dependencies = (
				4D50D4CE2A6EBCF40039ADD4 /* PBXTargetDependency */,
			);
			name = RoShamBoTrainerUITests;
			productName = RoShamBoTrainerUITests;
			productReference = 4D50D4CC2A6EBCF40039ADD4 /* RoShamBoTrainerUITests.xctest */;
			productType = "com.apple.product-type.bundle.ui-testing";
		};
/* End PBXNativeTarget section */

/* Begin PBXProject section */
		4D50D4A92A6EBCF30039ADD4 /* Project object */ = {
			isa = PBXProject;
			attributes = {
				BuildIndependentTargetsInParallel = 1;
				LastSwiftUpdateCheck = 1430;
				LastUpgradeCheck = 1430;
				TargetAttributes = {
					4D50D4B02A6EBCF30039ADD4 = {
						CreatedOnToolsVersion = 14.3.1;
					};
					4D50D4C12A6EBCF40039ADD4 = {
						CreatedOnToolsVersion = 14.3.1;
						TestTargetID = 4D50D4B02A6EBCF30039ADD4;
					};
					4D50D4CB2A6EBCF40039ADD4 = {
						CreatedOnToolsVersion = 14.3.1;
						TestTargetID = 4D50D4B02A6EBCF30039ADD4;
					};
				};
			};
			buildConfigurationList = 4D50D4AC2A6EBCF30039ADD4 /* Build configuration list for PBXProject "RoShamBoTrainer" */;
			compatibilityVersion = "Xcode 14.0";
			developmentRegion = en;
			hasScannedForEncodings = 0;
			knownRegions = (
				en,
				Base,
			);
			mainGroup = 4D50D4A82A6EBCF30039ADD4;
			productRefGroup = 4D50D4B22A6EBCF30039ADD4 /* Products */;
			projectDirPath = "";
			projectRoot = "";
			targets = (
				4D50D4B02A6EBCF30039ADD4 /* RoShamBoTrainer */,
				4D50D4C12A6EBCF40039ADD4 /* RoShamBoTrainerTests */,
				4D50D4CB2A6EBCF40039ADD4 /* RoShamBoTrainerUITests */,
			);
		};
/* End PBXProject section */

/* Begin PBXResourcesBuildPhase section */
		4D50D4AF2A6EBCF30039ADD4 /* Resources */ = {
			isa = PBXResourcesBuildPhase;
			buildActionMask = 2147483647;
			files = (
				4D50D4BD2A6EBCF40039ADD4 /* Preview Assets.xcassets in Resources */,
				4D50D4B92A6EBCF40039ADD4 /* Assets.xcassets in Resources */,
			);
			runOnlyForDeploymentPostprocessing = 0;
		};
		4D50D4C02A6EBCF40039ADD4 /* Resources */ = {
			isa = PBXResourcesBuildPhase;
			buildActionMask = 2147483647;
			files = (
			);
			runOnlyForDeploymentPostprocessing = 0;
		};
		4D50D4CA2A6EBCF40039ADD4 /* Resources */ = {
			isa = PBXResourcesBuildPhase;
			buildActionMask = 2147483647;
			files = (
			);
			runOnlyForDeploymentPostprocessing = 0;
		};
/* End PBXResourcesBuildPhase section */

/* Begin PBXSourcesBuildPhase section */
		4D50D4AD2A6EBCF30039ADD4 /* Sources */ = {
			isa = PBXSourcesBuildPhase;
			buildActionMask = 2147483647;
			files = (
				4D50D4B72A6EBCF30039ADD4 /* ContentView.swift in Sources */,
				4D50D4B52A6EBCF30039ADD4 /* RoShamBoTrainerApp.swift in Sources */,
			);
			runOnlyForDeploymentPostprocessing = 0;
		};
		4D50D4BE2A6EBCF40039ADD4 /* Sources */ = {
			isa = PBXSourcesBuildPhase;
			buildActionMask = 2147483647;
			files = (
				4D50D4C72A6EBCF40039ADD4 /* RoShamBoTrainerTests.swift in Sources */,
			);
			runOnlyForDeploymentPostprocessing = 0;
		};
		4D50D4C82A6EBCF40039ADD4 /* Sources */ = {
			isa = PBXSourcesBuildPhase;
			buildActionMask = 2147483647;
			files = (
				4D50D4D12A6EBCF40039ADD4 /* RoShamBoTrainerUITests.swift in Sources */,
				4D50D4D32A6EBCF40039ADD4 /* RoShamBoTrainerUITestsLaunchTests.swift in Sources */,
			);
			runOnlyForDeploymentPostprocessing = 0;
		};
/* End PBXSourcesBuildPhase section */

/* Begin PBXTargetDependency section */
		4D50D4C42A6EBCF40039ADD4 /* PBXTargetDependency */ = {
			isa = PBXTargetDependency;
			target = 4D50D4B02A6EBCF30039ADD4 /* RoShamBoTrainer */;
			targetProxy = 4D50D4C32A6EBCF40039ADD4 /* PBXContainerItemProxy */;
		};
		4D50D4CE2A6EBCF40039ADD4 /* PBXTargetDependency */ = {
			isa = PBXTargetDependency;
			target = 4D50D4B02A6EBCF30039ADD4 /* RoShamBoTrainer */;
			targetProxy = 4D50D4CD2A6EBCF40039ADD4 /* PBXContainerItemProxy */;
		};
/* End PBXTargetDependency section */

/* Begin XCBuildConfiguration section */
		4D50D4D42A6EBCF40039ADD4 /* Debug */ = {
			isa = XCBuildConfiguration;
			buildSettings = {
				ALWAYS_SEARCH_USER_PATHS = NO;
				CLANG_ANALYZER_NONNULL = YES;
				CLANG_ANALYZER_NUMBER_OBJECT_CONVERSION = YES_AGGRESSIVE;
				CLANG_CXX_LANGUAGE_STANDARD = "gnu++20";
				CLANG_ENABLE_MODULES = YES;
				CLANG_ENABLE_OBJC_ARC = YES;
				CLANG_ENABLE_OBJC_WEAK = YES;
				CLANG_WARN_BLOCK_CAPTURE_AUTORELEASING = YES;
				CLANG_WARN_BOOL_CONVERSION = YES;
				CLANG_WARN_COMMA = YES;
				CLANG_WARN_CONSTANT_CONVERSION = YES;
				CLANG_WARN_DEPRECATED_OBJC_IMPLEMENTATIONS = YES;
				CLANG_WARN_DIRECT_OBJC_ISA_USAGE = YES_ERROR;
				CLANG_WARN_DOCUMENTATION_COMMENTS = YES;
				CLANG_WARN_EMPTY_BODY = YES;
				CLANG_WARN_ENUM_CONVERSION = YES;
				CLANG_WARN_INFINITE_RECURSION = YES;
				CLANG_WARN_INT_CONVERSION = YES;
				CLANG_WARN_NON_LITERAL_NULL_CONVERSION = YES;
				CLANG_WARN_OBJC_IMPLICIT_RETAIN_SELF = YES;
				CLANG_WARN_OBJC_LITERAL_CONVERSION = YES;
				CLANG_WARN_OBJC_ROOT_CLASS = YES_ERROR;
				CLANG_WARN_QUOTED_INCLUDE_IN_FRAMEWORK_HEADER = YES;
				CLANG_WARN_RANGE_LOOP_ANALYSIS = YES;
				CLANG_WARN_STRICT_PROTOTYPES = YES;
				CLANG_WARN_SUSPICIOUS_MOVE = YES;
				CLANG_WARN_UNGUARDED_AVAILABILITY = YES_AGGRESSIVE;
				CLANG_WARN_UNREACHABLE_CODE = YES;
				CLANG_WARN__DUPLICATE_METHOD_MATCH = YES;
				COPY_PHASE_STRIP = NO;
				DEBUG_INFORMATION_FORMAT = dwarf;
				ENABLE_STRICT_OBJC_MSGSEND = YES;
				ENABLE_TESTABILITY = YES;
				GCC_C_LANGUAGE_STANDARD = gnu11;
				GCC_DYNAMIC_NO_PIC = NO;
				GCC_NO_COMMON_BLOCKS = YES;
				GCC_OPTIMIZATION_LEVEL = 0;
				GCC_PREPROCESSOR_DEFINITIONS = (
					"DEBUG=1",
					"$(inherited)",
				);
				GCC_WARN_64_TO_32_BIT_CONVERSION = YES;
				GCC_WARN_ABOUT_RETURN_TYPE = YES_ERROR;
				GCC_WARN_UNDECLARED_SELECTOR = YES;
				GCC_WARN_UNINITIALIZED_AUTOS = YES_AGGRESSIVE;
				GCC_WARN_UNUSED_FUNCTION = YES;
				GCC_WARN_UNUSED_VARIABLE = YES;
				MTL_ENABLE_DEBUG_INFO = INCLUDE_SOURCE;
				MTL_FAST_MATH = YES;
				ONLY_ACTIVE_ARCH = YES;
				SWIFT_ACTIVE_COMPILATION_CONDITIONS = DEBUG;
				SWIFT_OPTIMIZATION_LEVEL = "-Onone";
			};
			name = Debug;
		};
		4D50D4D52A6EBCF40039ADD4 /* Release */ = {
			isa = XCBuildConfiguration;
			buildSettings = {
				ALWAYS_SEARCH_USER_PATHS = NO;
				CLANG_ANALYZER_NONNULL = YES;
				CLANG_ANALYZER_NUMBER_OBJECT_CONVERSION = YES_AGGRESSIVE;
				CLANG_CXX_LANGUAGE_STANDARD = "gnu++20";
				CLANG_ENABLE_MODULES = YES;
				CLANG_ENABLE_OBJC_ARC = YES;
				CLANG_ENABLE_OBJC_WEAK = YES;
				CLANG_WARN_BLOCK_CAPTURE_AUTORELEASING = YES;
				CLANG_WARN_BOOL_CONVERSION = YES;
				CLANG_WARN_COMMA = YES;
				CLANG_WARN_CONSTANT_CONVERSION = YES;
				CLANG_WARN_DEPRECATED_OBJC_IMPLEMENTATIONS = YES;
				CLANG_WARN_DIRECT_OBJC_ISA_USAGE = YES_ERROR;
				CLANG_WARN_DOCUMENTATION_COMMENTS = YES;
				CLANG_WARN_EMPTY_BODY = YES;
				CLANG_WARN_ENUM_CONVERSION = YES;
				CLANG_WARN_INFINITE_RECURSION = YES;
				CLANG_WARN_INT_CONVERSION = YES;
				CLANG_WARN_NON_LITERAL_NULL_CONVERSION = YES;
				CLANG_WARN_OBJC_IMPLICIT_RETAIN_SELF = YES;
				CLANG_WARN_OBJC_LITERAL_CONVERSION = YES;
				CLANG_WARN_OBJC_ROOT_CLASS = YES_ERROR;
				CLANG_WARN_QUOTED_INCLUDE_IN_FRAMEWORK_HEADER = YES;
				CLANG_WARN_RANGE_LOOP_ANALYSIS = YES;
				CLANG_WARN_STRICT_PROTOTYPES = YES;
				CLANG_WARN_SUSPICIOUS_MOVE = YES;
				CLANG_WARN_UNGUARDED_AVAILABILITY = YES_AGGRESSIVE;
				CLANG_WARN_UNREACHABLE_CODE = YES;
				CLANG_WARN__DUPLICATE_METHOD_MATCH = YES;
				COPY_PHASE_STRIP = NO;
				DEBUG_INFORMATION_FORMAT = "dwarf-with-dsym";
				ENABLE_NS_ASSERTIONS = NO;
				ENABLE_STRICT_OBJC_MSGSEND = YES;
				GCC_C_LANGUAGE_STANDARD = gnu11;
				GCC_NO_COMMON_BLOCKS = YES;
				GCC_WARN_64_TO_32_BIT_CONVERSION = YES;
				GCC_WARN_ABOUT_RETURN_TYPE = YES_ERROR;
				GCC_WARN_UNDECLARED_SELECTOR = YES;
				GCC_WARN_UNINITIALIZED_AUTOS = YES_AGGRESSIVE;
				GCC_WARN_UNUSED_FUNCTION = YES;
				GCC_WARN_UNUSED_VARIABLE = YES;
				MTL_ENABLE_DEBUG_INFO = NO;
				MTL_FAST_MATH = YES;
				SWIFT_COMPILATION_MODE = wholemodule;
				SWIFT_OPTIMIZATION_LEVEL = "-O";
			};
			name = Release;
		};
		4D50D4D72A6EBCF40039ADD4 /* Debug */ = {
			isa = XCBuildConfiguration;
			buildSettings = {
				ASSETCATALOG_COMPILER_APPICON_NAME = AppIcon;
				ASSETCATALOG_COMPILER_GLOBAL_ACCENT_COLOR_NAME = AccentColor;
				CODE_SIGN_ENTITLEMENTS = RoShamBoTrainer/RoShamBoTrainer.entitlements;
				CODE_SIGN_STYLE = Automatic;
				CURRENT_PROJECT_VERSION = 1;
				DEVELOPMENT_ASSET_PATHS = "\"RoShamBoTrainer/Preview Content\"";
				ENABLE_PREVIEWS = YES;
				GENERATE_INFOPLIST_FILE = YES;
				"INFOPLIST_KEY_UIApplicationSceneManifest_Generation[sdk=iphoneos*]" = YES;
				"INFOPLIST_KEY_UIApplicationSceneManifest_Generation[sdk=iphonesimulator*]" = YES;
				"INFOPLIST_KEY_UIApplicationSupportsIndirectInputEvents[sdk=iphoneos*]" = YES;
				"INFOPLIST_KEY_UIApplicationSupportsIndirectInputEvents[sdk=iphonesimulator*]" = YES;
				"INFOPLIST_KEY_UILaunchScreen_Generation[sdk=iphoneos*]" = YES;
				"INFOPLIST_KEY_UILaunchScreen_Generation[sdk=iphonesimulator*]" = YES;
				"INFOPLIST_KEY_UIStatusBarStyle[sdk=iphoneos*]" = UIStatusBarStyleDefault;
				"INFOPLIST_KEY_UIStatusBarStyle[sdk=iphonesimulator*]" = UIStatusBarStyleDefault;
				INFOPLIST_KEY_UISupportedInterfaceOrientations_iPad = "UIInterfaceOrientationPortrait UIInterfaceOrientationPortraitUpsideDown UIInterfaceOrientationLandscapeLeft UIInterfaceOrientationLandscapeRight";
				INFOPLIST_KEY_UISupportedInterfaceOrientations_iPhone = "UIInterfaceOrientationPortrait UIInterfaceOrientationLandscapeLeft UIInterfaceOrientationLandscapeRight";
				IPHONEOS_DEPLOYMENT_TARGET = 16.4;
				LD_RUNPATH_SEARCH_PATHS = "@executable_path/Frameworks";
				"LD_RUNPATH_SEARCH_PATHS[sdk=macosx*]" = "@executable_path/../Frameworks";
				MACOSX_DEPLOYMENT_TARGET = 13.3;
				MARKETING_VERSION = 1.0;
				PRODUCT_BUNDLE_IDENTIFIER = com.kensonjohnson.RoShamBoTrainer;
				PRODUCT_NAME = "$(TARGET_NAME)";
				SDKROOT = auto;
				SUPPORTED_PLATFORMS = "iphoneos iphonesimulator macosx";
				SWIFT_EMIT_LOC_STRINGS = YES;
				SWIFT_VERSION = 5.0;
				TARGETED_DEVICE_FAMILY = "1,2";
			};
			name = Debug;
		};
		4D50D4D82A6EBCF40039ADD4 /* Release */ = {
			isa = XCBuildConfiguration;
			buildSettings = {
				ASSETCATALOG_COMPILER_APPICON_NAME = AppIcon;
				ASSETCATALOG_COMPILER_GLOBAL_ACCENT_COLOR_NAME = AccentColor;
				CODE_SIGN_ENTITLEMENTS = RoShamBoTrainer/RoShamBoTrainer.entitlements;
				CODE_SIGN_STYLE = Automatic;
				CURRENT_PROJECT_VERSION = 1;
				DEVELOPMENT_ASSET_PATHS = "\"RoShamBoTrainer/Preview Content\"";
				ENABLE_PREVIEWS = YES;
				GENERATE_INFOPLIST_FILE = YES;
				"INFOPLIST_KEY_UIApplicationSceneManifest_Generation[sdk=iphoneos*]" = YES;
				"INFOPLIST_KEY_UIApplicationSceneManifest_Generation[sdk=iphonesimulator*]" = YES;
				"INFOPLIST_KEY_UIApplicationSupportsIndirectInputEvents[sdk=iphoneos*]" = YES;
				"INFOPLIST_KEY_UIApplicationSupportsIndirectInputEvents[sdk=iphonesimulator*]" = YES;
				"INFOPLIST_KEY_UILaunchScreen_Generation[sdk=iphoneos*]" = YES;
				"INFOPLIST_KEY_UILaunchScreen_Generation[sdk=iphonesimulator*]" = YES;
				"INFOPLIST_KEY_UIStatusBarStyle[sdk=iphoneos*]" = UIStatusBarStyleDefault;
				"INFOPLIST_KEY_UIStatusBarStyle[sdk=iphonesimulator*]" = UIStatusBarStyleDefault;
				INFOPLIST_KEY_UISupportedInterfaceOrientations_iPad = "UIInterfaceOrientationPortrait UIInterfaceOrientationPortraitUpsideDown UIInterfaceOrientationLandscapeLeft UIInterfaceOrientationLandscapeRight";
				INFOPLIST_KEY_UISupportedInterfaceOrientations_iPhone = "UIInterfaceOrientationPortrait UIInterfaceOrientationLandscapeLeft UIInterfaceOrientationLandscapeRight";
				IPHONEOS_DEPLOYMENT_TARGET = 16.4;
				LD_RUNPATH_SEARCH_PATHS = "@executable_path/Frameworks";
				"LD_RUNPATH_SEARCH_PATHS[sdk=macosx*]" = "@executable_path/../Frameworks";
				MACOSX_DEPLOYMENT_TARGET = 13.3;
				MARKETING_VERSION = 1.0;
				PRODUCT_BUNDLE_IDENTIFIER = com.kensonjohnson.RoShamBoTrainer;
				PRODUCT_NAME = "$(TARGET_NAME)";
				SDKROOT = auto;
				SUPPORTED_PLATFORMS = "iphoneos iphonesimulator macosx";
				SWIFT_EMIT_LOC_STRINGS = YES;
				SWIFT_VERSION = 5.0;
				TARGETED_DEVICE_FAMILY = "1,2";
			};
			name = Release;
		};
		4D50D4DA2A6EBCF40039ADD4 /* Debug */ = {
			isa = XCBuildConfiguration;
			buildSettings = {
				ALWAYS_EMBED_SWIFT_STANDARD_LIBRARIES = YES;
				BUNDLE_LOADER = "$(TEST_HOST)";
				CODE_SIGN_STYLE = Automatic;
				CURRENT_PROJECT_VERSION = 1;
				GENERATE_INFOPLIST_FILE = YES;
				IPHONEOS_DEPLOYMENT_TARGET = 16.4;
				MACOSX_DEPLOYMENT_TARGET = 13.3;
				MARKETING_VERSION = 1.0;
				PRODUCT_BUNDLE_IDENTIFIER = com.kensonjohnson.RoShamBoTrainerTests;
				PRODUCT_NAME = "$(TARGET_NAME)";
				SDKROOT = auto;
				SUPPORTED_PLATFORMS = "iphoneos iphonesimulator macosx";
				SWIFT_EMIT_LOC_STRINGS = NO;
				SWIFT_VERSION = 5.0;
				TARGETED_DEVICE_FAMILY = "1,2";
				TEST_HOST = "$(BUILT_PRODUCTS_DIR)/RoShamBoTrainer.app/$(BUNDLE_EXECUTABLE_FOLDER_PATH)/RoShamBoTrainer";
			};
			name = Debug;
		};
		4D50D4DB2A6EBCF40039ADD4 /* Release */ = {
			isa = XCBuildConfiguration;
			buildSettings = {
				ALWAYS_EMBED_SWIFT_STANDARD_LIBRARIES = YES;
				BUNDLE_LOADER = "$(TEST_HOST)";
				CODE_SIGN_STYLE = Automatic;
				CURRENT_PROJECT_VERSION = 1;
				GENERATE_INFOPLIST_FILE = YES;
				IPHONEOS_DEPLOYMENT_TARGET = 16.4;
				MACOSX_DEPLOYMENT_TARGET = 13.3;
				MARKETING_VERSION = 1.0;
				PRODUCT_BUNDLE_IDENTIFIER = com.kensonjohnson.RoShamBoTrainerTests;
				PRODUCT_NAME = "$(TARGET_NAME)";
				SDKROOT = auto;
				SUPPORTED_PLATFORMS = "iphoneos iphonesimulator macosx";
				SWIFT_EMIT_LOC_STRINGS = NO;
				SWIFT_VERSION = 5.0;
				TARGETED_DEVICE_FAMILY = "1,2";
				TEST_HOST = "$(BUILT_PRODUCTS_DIR)/RoShamBoTrainer.app/$(BUNDLE_EXECUTABLE_FOLDER_PATH)/RoShamBoTrainer";
			};
			name = Release;
		};
		4D50D4DD2A6EBCF40039ADD4 /* Debug */ = {
			isa = XCBuildConfiguration;
			buildSettings = {
				ALWAYS_EMBED_SWIFT_STANDARD_LIBRARIES = YES;
				CODE_SIGN_STYLE = Automatic;
				CURRENT_PROJECT_VERSION = 1;
				GENERATE_INFOPLIST_FILE = YES;
				IPHONEOS_DEPLOYMENT_TARGET = 16.4;
				MACOSX_DEPLOYMENT_TARGET = 13.3;
				MARKETING_VERSION = 1.0;
				PRODUCT_BUNDLE_IDENTIFIER = com.kensonjohnson.RoShamBoTrainerUITests;
				PRODUCT_NAME = "$(TARGET_NAME)";
				SDKROOT = auto;
				SUPPORTED_PLATFORMS = "iphoneos iphonesimulator macosx";
				SWIFT_EMIT_LOC_STRINGS = NO;
				SWIFT_VERSION = 5.0;
				TARGETED_DEVICE_FAMILY = "1,2";
				TEST_TARGET_NAME = RoShamBoTrainer;
			};
			name = Debug;
		};
		4D50D4DE2A6EBCF40039ADD4 /* Release */ = {
			isa = XCBuildConfiguration;
			buildSettings = {
				ALWAYS_EMBED_SWIFT_STANDARD_LIBRARIES = YES;
				CODE_SIGN_STYLE = Automatic;
				CURRENT_PROJECT_VERSION = 1;
				GENERATE_INFOPLIST_FILE = YES;
				IPHONEOS_DEPLOYMENT_TARGET = 16.4;
				MACOSX_DEPLOYMENT_TARGET = 13.3;
				MARKETING_VERSION = 1.0;
				PRODUCT_BUNDLE_IDENTIFIER = com.kensonjohnson.RoShamBoTrainerUITests;
				PRODUCT_NAME = "$(TARGET_NAME)";
				SDKROOT = auto;
				SUPPORTED_PLATFORMS = "iphoneos iphonesimulator macosx";
				SWIFT_EMIT_LOC_STRINGS = NO;
				SWIFT_VERSION = 5.0;
				TARGETED_DEVICE_FAMILY = "1,2";
				TEST_TARGET_NAME = RoShamBoTrainer;
			};
			name = Release;
		};
/* End XCBuildConfiguration section */

/* Begin XCConfigurationList section */
		4D50D4AC2A6EBCF30039ADD4 /* Build configuration list for PBXProject "RoShamBoTrainer" */ = {
			isa = XCConfigurationList;
			buildConfigurations = (
				4D50D4D42A6EBCF40039ADD4 /* Debug */,
				4D50D4D52A6EBCF40039ADD4 /* Release */,
			);
			defaultConfigurationIsVisible = 0;
			defaultConfigurationName = Release;
		};
		4D50D4D62A6EBCF40039ADD4 /* Build configuration list for PBXNativeTarget "RoShamBoTrainer" */ = {
			isa = XCConfigurationList;
			buildConfigurations = (
				4D50D4D72A6EBCF40039ADD4 /* Debug */,
				4D50D4D82A6EBCF40039ADD4 /* Release */,
			);
			defaultConfigurationIsVisible = 0;
			defaultConfigurationName = Release;
		};
		4D50D4D92A6EBCF40039ADD4 /* Build configuration list for PBXNativeTarget "RoShamBoTrainerTests" */ = {
			isa = XCConfigurationList;
			buildConfigurations = (
				4D50D4DA2A6EBCF40039ADD4 /* Debug */,
				4D50D4DB2A6EBCF40039ADD4 /* Release */,
			);
			defaultConfigurationIsVisible = 0;
			defaultConfigurationName = Release;
		};
		4D50D4DC2A6EBCF40039ADD4 /* Build configuration list for PBXNativeTarget "RoShamBoTrainerUITests" */ = {
			isa = XCConfigurationList;
			buildConfigurations = (
				4D50D4DD2A6EBCF40039ADD4 /* Debug */,
				4D50D4DE2A6EBCF40039ADD4 /* Release */,
			);
			defaultConfigurationIsVisible = 0;
			defaultConfigurationName = Release;
		};
/* End XCConfigurationList section */
	};
	rootObject = 4D50D4A92A6EBCF30039ADD4 /* Project object */;
}
